
Microsoft Visual Studio Solution File, Format Version 12.00
# Visual Studio Version 17
VisualStudioVersion = 17.5.002.0
MinimumVisualStudioVersion = 10.0.40219.1
Project("{9A19103F-16F7-4668-BE54-9A1E7A4F7556}") = "Pokemon_API", "Pokemon_API.csproj", "{7ABC4FA0-EB9C-4492-A2EB-EEB97117AEFB}"
EndProject
Global
	GlobalSection(SolutionConfigurationPlatforms) = preSolution
		Debug|Any CPU = Debug|Any CPU
		Release|Any CPU = Release|Any CPU
	EndGlobalSection
	GlobalSection(ProjectConfigurationPlatforms) = postSolution
		{7ABC4FA0-EB9C-4492-A2EB-EEB97117AEFB}.Debug|Any CPU.ActiveCfg = Debug|Any CPU
		{7ABC4FA0-EB9C-4492-A2EB-EEB97117AEFB}.Debug|Any CPU.Build.0 = Debug|Any CPU
		{7ABC4FA0-EB9C-4492-A2EB-EEB97117AEFB}.Release|Any CPU.ActiveCfg = Release|Any CPU
		{7ABC4FA0-EB9C-4492-A2EB-EEB97117AEFB}.Release|Any CPU.Build.0 = Release|Any CPU
	EndGlobalSection
	GlobalSection(SolutionProperties) = preSolution
		HideSolutionNode = FALSE
	EndGlobalSection
	GlobalSection(ExtensibilityGlobals) = postSolution
		SolutionGuid = {4966F5B9-ACAF-4040-A4EA-EFEE569088CC}
	EndGlobalSection
EndGlobal
